// !$*UTF8*$!
{
	archiveVersion = 1;
	classes = {
	};
	objectVersion = 50;
	objects = {

/* Begin PBXBuildFile section */
		C5AE9AFF27AE4899005277D5 /* TooDoApp.swift in Sources */ = {isa = PBXBuildFile; fileRef = C5AE9AFE27AE4899005277D5 /* TooDoApp.swift */; };
		C5AE9B0127AE4899005277D5 /* ContentView.swift in Sources */ = {isa = PBXBuildFile; fileRef = C5AE9B0027AE4899005277D5 /* ContentView.swift */; };
		C5AE9B0327AE489A005277D5 /* Assets.xcassets in Resources */ = {isa = PBXBuildFile; fileRef = C5AE9B0227AE489A005277D5 /* Assets.xcassets */; };
		C5AE9B0627AE489A005277D5 /* Preview Assets.xcassets in Resources */ = {isa = PBXBuildFile; fileRef = C5AE9B0527AE489A005277D5 /* Preview Assets.xcassets */; };
		C5AE9B0E27AE4B22005277D5 /* TodoModel.swift in Sources */ = {isa = PBXBuildFile; fileRef = C5AE9B0D27AE4B22005277D5 /* TodoModel.swift */; };
		C5AE9B1427AE5B25005277D5 /* TodoItemView.swift in Sources */ = {isa = PBXBuildFile; fileRef = C5AE9B1327AE5B25005277D5 /* TodoItemView.swift */; };
		C5AE9B1727AE64DE005277D5 /* UserDefaultsHandler.swift in Sources */ = {isa = PBXBuildFile; fileRef = C5AE9B1627AE64DE005277D5 /* UserDefaultsHandler.swift */; };
		C5AE9B1A27AE654E005277D5 /* Int+.swift in Sources */ = {isa = PBXBuildFile; fileRef = C5AE9B1927AE654E005277D5 /* Int+.swift */; };
		C5AE9B1C27AE662E005277D5 /* View+.swift in Sources */ = {isa = PBXBuildFile; fileRef = C5AE9B1B27AE662E005277D5 /* View+.swift */; };
		C5AE9B1E27AE6B47005277D5 /* RefreshButton.swift in Sources */ = {isa = PBXBuildFile; fileRef = C5AE9B1D27AE6B47005277D5 /* RefreshButton.swift */; };
/* End PBXBuildFile section */

/* Begin PBXFileReference section */
		C5AE9AFB27AE4899005277D5 /* TooDo.app */ = {isa = PBXFileReference; explicitFileType = wrapper.application; includeInIndex = 0; path = TooDo.app; sourceTree = BUILT_PRODUCTS_DIR; };
		C5AE9AFE27AE4899005277D5 /* TooDoApp.swift */ = {isa = PBXFileReference; lastKnownFileType = sourcecode.swift; path = TooDoApp.swift; sourceTree = "<group>"; };
		C5AE9B0027AE4899005277D5 /* ContentView.swift */ = {isa = PBXFileReference; lastKnownFileType = sourcecode.swift; path = ContentView.swift; sourceTree = "<group>"; };
		C5AE9B0227AE489A005277D5 /* Assets.xcassets */ = {isa = PBXFileReference; lastKnownFileType = folder.assetcatalog; path = Assets.xcassets; sourceTree = "<group>"; };
		C5AE9B0527AE489A005277D5 /* Preview Assets.xcassets */ = {isa = PBXFileReference; lastKnownFileType = folder.assetcatalog; path = "Preview Assets.xcassets"; sourceTree = "<group>"; };
		C5AE9B0727AE489A005277D5 /* Info.plist */ = {isa = PBXFileReference; lastKnownFileType = text.plist.xml; path = Info.plist; sourceTree = "<group>"; };
		C5AE9B0D27AE4B22005277D5 /* TodoModel.swift */ = {isa = PBXFileReference; lastKnownFileType = sourcecode.swift; path = TodoModel.swift; sourceTree = "<group>"; };
		C5AE9B1327AE5B25005277D5 /* TodoItemView.swift */ = {isa = PBXFileReference; lastKnownFileType = sourcecode.swift; path = TodoItemView.swift; sourceTree = "<group>"; };
		C5AE9B1627AE64DE005277D5 /* UserDefaultsHandler.swift */ = {isa = PBXFileReference; lastKnownFileType = sourcecode.swift; path = UserDefaultsHandler.swift; sourceTree = "<group>"; };
		C5AE9B1927AE654E005277D5 /* Int+.swift */ = {isa = PBXFileReference; lastKnownFileType = sourcecode.swift; path = "Int+.swift"; sourceTree = "<group>"; };
		C5AE9B1B27AE662E005277D5 /* View+.swift */ = {isa = PBXFileReference; lastKnownFileType = sourcecode.swift; path = "View+.swift"; sourceTree = "<group>"; };
		C5AE9B1D27AE6B47005277D5 /* RefreshButton.swift */ = {isa = PBXFileReference; lastKnownFileType = sourcecode.swift; path = RefreshButton.swift; sourceTree = "<group>"; };
/* End PBXFileReference section */

/* Begin PBXFrameworksBuildPhase section */
		C5AE9AF827AE4899005277D5 /* Frameworks */ = {
			isa = PBXFrameworksBuildPhase;
			buildActionMask = 2147483647;
			files = (
			);
			runOnlyForDeploymentPostprocessing = 0;
		};
/* End PBXFrameworksBuildPhase section */

/* Begin PBXGroup section */
		C5AE9AF227AE4899005277D5 = {
			isa = PBXGroup;
			children = (
				C5AE9AFD27AE4899005277D5 /* TooDo */,
				C5AE9AFC27AE4899005277D5 /* Products */,
			);
			sourceTree = "<group>";
		};
		C5AE9AFC27AE4899005277D5 /* Products */ = {
			isa = PBXGroup;
			children = (
				C5AE9AFB27AE4899005277D5 /* TooDo.app */,
			);
			name = Products;
			sourceTree = "<group>";
		};
		C5AE9AFD27AE4899005277D5 /* TooDo */ = {
			isa = PBXGroup;
			children = (
				C5AE9B1527AE64BB005277D5 /* Util */,
				C5AE9B1227AE5B03005277D5 /* Models */,
				C5AE9B0F27AE5AEA005277D5 /* Screens */,
				C5AE9B0227AE489A005277D5 /* Assets.xcassets */,
				C5AE9B0727AE489A005277D5 /* Info.plist */,
				C5AE9AFE27AE4899005277D5 /* TooDoApp.swift */,
				C5AE9B0427AE489A005277D5 /* Preview Content */,
			);
			path = TooDo;
			sourceTree = "<group>";
		};
		C5AE9B0427AE489A005277D5 /* Preview Content */ = {
			isa = PBXGroup;
			children = (
				C5AE9B0527AE489A005277D5 /* Preview Assets.xcassets */,
			);
			path = "Preview Content";
			sourceTree = "<group>";
		};
		C5AE9B0F27AE5AEA005277D5 /* Screens */ = {
			isa = PBXGroup;
			children = (
				C5AE9B0027AE4899005277D5 /* ContentView.swift */,
				C5AE9B1027AE5AF6005277D5 /* Views */,
			);
			path = Screens;
			sourceTree = "<group>";
		};
		C5AE9B1027AE5AF6005277D5 /* Views */ = {
			isa = PBXGroup;
			children = (
				C5AE9B1327AE5B25005277D5 /* TodoItemView.swift */,
				C5AE9B1D27AE6B47005277D5 /* RefreshButton.swift */,
			);
			path = Views;
			sourceTree = "<group>";
		};
		C5AE9B1227AE5B03005277D5 /* Models */ = {
			isa = PBXGroup;
			children = (
				C5AE9B0D27AE4B22005277D5 /* TodoModel.swift */,
			);
			path = Models;
			sourceTree = "<group>";
		};
		C5AE9B1527AE64BB005277D5 /* Util */ = {
			isa = PBXGroup;
			children = (
				C5AE9B1827AE6549005277D5 /* Extension */,
				C5AE9B1627AE64DE005277D5 /* UserDefaultsHandler.swift */,
			);
			path = Util;
			sourceTree = "<group>";
		};
		C5AE9B1827AE6549005277D5 /* Extension */ = {
			isa = PBXGroup;
			children = (
				C5AE9B1927AE654E005277D5 /* Int+.swift */,
				C5AE9B1B27AE662E005277D5 /* View+.swift */,
			);
			path = Extension;
			sourceTree = "<group>";
		};
/* End PBXGroup section */

/* Begin PBXNativeTarget section */
		C5AE9AFA27AE4899005277D5 /* TooDo */ = {
			isa = PBXNativeTarget;
			buildConfigurationList = C5AE9B0A27AE489A005277D5 /* Build configuration list for PBXNativeTarget "TooDo" */;
			buildPhases = (
				C5AE9AF727AE4899005277D5 /* Sources */,
				C5AE9AF827AE4899005277D5 /* Frameworks */,
				C5AE9AF927AE4899005277D5 /* Resources */,
			);
			buildRules = (
			);
			dependencies = (
			);
			name = TooDo;
			productName = TooDo;
			productReference = C5AE9AFB27AE4899005277D5 /* TooDo.app */;
			productType = "com.apple.product-type.application";
		};
/* End PBXNativeTarget section */

/* Begin PBXProject section */
		C5AE9AF327AE4899005277D5 /* Project object */ = {
			isa = PBXProject;
			attributes = {
				LastSwiftUpdateCheck = 1250;
				LastUpgradeCheck = 1250;
				TargetAttributes = {
					C5AE9AFA27AE4899005277D5 = {
						CreatedOnToolsVersion = 12.5.1;
					};
				};
			};
			buildConfigurationList = C5AE9AF627AE4899005277D5 /* Build configuration list for PBXProject "TooDo" */;
			compatibilityVersion = "Xcode 9.3";
			developmentRegion = en;
			hasScannedForEncodings = 0;
			knownRegions = (
				en,
				Base,
			);
			mainGroup = C5AE9AF227AE4899005277D5;
			productRefGroup = C5AE9AFC27AE4899005277D5 /* Products */;
			projectDirPath = "";
			projectRoot = "";
			targets = (
				C5AE9AFA27AE4899005277D5 /* TooDo */,
			);
		};
/* End PBXProject section */

/* Begin PBXResourcesBuildPhase section */
		C5AE9AF927AE4899005277D5 /* Resources */ = {
			isa = PBXResourcesBuildPhase;
			buildActionMask = 2147483647;
			files = (
				C5AE9B0627AE489A005277D5 /* Preview Assets.xcassets in Resources */,
				C5AE9B0327AE489A005277D5 /* Assets.xcassets in Resources */,
			);
			runOnlyForDeploymentPostprocessing = 0;
		};
/* End PBXResourcesBuildPhase section */

/* Begin PBXSourcesBuildPhase section */
		C5AE9AF727AE4899005277D5 /* Sources */ = {
			isa = PBXSourcesBuildPhase;
			buildActionMask = 2147483647;
			files = (
				C5AE9B0127AE4899005277D5 /* ContentView.swift in Sources */,
				C5AE9B1E27AE6B47005277D5 /* RefreshButton.swift in Sources */,
				C5AE9B0E27AE4B22005277D5 /* TodoModel.swift in Sources */,
				C5AE9B1727AE64DE005277D5 /* UserDefaultsHandler.swift in Sources */,
				C5AE9B1427AE5B25005277D5 /* TodoItemView.swift in Sources */,
				C5AE9B1C27AE662E005277D5 /* View+.swift in Sources */,
				C5AE9AFF27AE4899005277D5 /* TooDoApp.swift in Sources */,
				C5AE9B1A27AE654E005277D5 /* Int+.swift in Sources */,
			);
			runOnlyForDeploymentPostprocessing = 0;
		};
/* End PBXSourcesBuildPhase section */

/* Begin XCBuildConfiguration section */
		C5AE9B0827AE489A005277D5 /* Debug */ = {
			isa = XCBuildConfiguration;
			buildSettings = {
				ALWAYS_SEARCH_USER_PATHS = NO;
				CLANG_ANALYZER_NONNULL = YES;
				CLANG_ANALYZER_NUMBER_OBJECT_CONVERSION = YES_AGGRESSIVE;
				CLANG_CXX_LANGUAGE_STANDARD = "gnu++14";
				CLANG_CXX_LIBRARY = "libc++";
				CLANG_ENABLE_MODULES = YES;
				CLANG_ENABLE_OBJC_ARC = YES;
				CLANG_ENABLE_OBJC_WEAK = YES;
				CLANG_WARN_BLOCK_CAPTURE_AUTORELEASING = YES;
				CLANG_WARN_BOOL_CONVERSION = YES;
				CLANG_WARN_COMMA = YES;
				CLANG_WARN_CONSTANT_CONVERSION = YES;
				CLANG_WARN_DEPRECATED_OBJC_IMPLEMENTATIONS = YES;
				CLANG_WARN_DIRECT_OBJC_ISA_USAGE = YES_ERROR;
				CLANG_WARN_DOCUMENTATION_COMMENTS = YES;
				CLANG_WARN_EMPTY_BODY = YES;
				CLANG_WARN_ENUM_CONVERSION = YES;
				CLANG_WARN_INFINITE_RECURSION = YES;
				CLANG_WARN_INT_CONVERSION = YES;
				CLANG_WARN_NON_LITERAL_NULL_CONVERSION = YES;
				CLANG_WARN_OBJC_IMPLICIT_RETAIN_SELF = YES;
				CLANG_WARN_OBJC_LITERAL_CONVERSION = YES;
				CLANG_WARN_OBJC_ROOT_CLASS = YES_ERROR;
				CLANG_WARN_QUOTED_INCLUDE_IN_FRAMEWORK_HEADER = YES;
				CLANG_WARN_RANGE_LOOP_ANALYSIS = YES;
				CLANG_WARN_STRICT_PROTOTYPES = YES;
				CLANG_WARN_SUSPICIOUS_MOVE = YES;
				CLANG_WARN_UNGUARDED_AVAILABILITY = YES_AGGRESSIVE;
				CLANG_WARN_UNREACHABLE_CODE = YES;
				CLANG_WARN__DUPLICATE_METHOD_MATCH = YES;
				COPY_PHASE_STRIP = NO;
				DEBUG_INFORMATION_FORMAT = dwarf;
				ENABLE_STRICT_OBJC_MSGSEND = YES;
				ENABLE_TESTABILITY = YES;
				GCC_C_LANGUAGE_STANDARD = gnu11;
				GCC_DYNAMIC_NO_PIC = NO;
				GCC_NO_COMMON_BLOCKS = YES;
				GCC_OPTIMIZATION_LEVEL = 0;
				GCC_PREPROCESSOR_DEFINITIONS = (
					"DEBUG=1",
					"$(inherited)",
				);
				GCC_WARN_64_TO_32_BIT_CONVERSION = YES;
				GCC_WARN_ABOUT_RETURN_TYPE = YES_ERROR;
				GCC_WARN_UNDECLARED_SELECTOR = YES;
				GCC_WARN_UNINITIALIZED_AUTOS = YES_AGGRESSIVE;
				GCC_WARN_UNUSED_FUNCTION = YES;
				GCC_WARN_UNUSED_VARIABLE = YES;
				IPHONEOS_DEPLOYMENT_TARGET = 14.5;
				MTL_ENABLE_DEBUG_INFO = INCLUDE_SOURCE;
				MTL_FAST_MATH = YES;
				ONLY_ACTIVE_ARCH = YES;
				SDKROOT = iphoneos;
				SWIFT_ACTIVE_COMPILATION_CONDITIONS = DEBUG;
				SWIFT_OPTIMIZATION_LEVEL = "-Onone";
			};
			name = Debug;
		};
		C5AE9B0927AE489A005277D5 /* Release */ = {
			isa = XCBuildConfiguration;
			buildSettings = {
				ALWAYS_SEARCH_USER_PATHS = NO;
				CLANG_ANALYZER_NONNULL = YES;
				CLANG_ANALYZER_NUMBER_OBJECT_CONVERSION = YES_AGGRESSIVE;
				CLANG_CXX_LANGUAGE_STANDARD = "gnu++14";
				CLANG_CXX_LIBRARY = "libc++";
				CLANG_ENABLE_MODULES = YES;
				CLANG_ENABLE_OBJC_ARC = YES;
				CLANG_ENABLE_OBJC_WEAK = YES;
				CLANG_WARN_BLOCK_CAPTURE_AUTORELEASING = YES;
				CLANG_WARN_BOOL_CONVERSION = YES;
				CLANG_WARN_COMMA = YES;
				CLANG_WARN_CONSTANT_CONVERSION = YES;
				CLANG_WARN_DEPRECATED_OBJC_IMPLEMENTATIONS = YES;
				CLANG_WARN_DIRECT_OBJC_ISA_USAGE = YES_ERROR;
				CLANG_WARN_DOCUMENTATION_COMMENTS = YES;
				CLANG_WARN_EMPTY_BODY = YES;
				CLANG_WARN_ENUM_CONVERSION = YES;
				CLANG_WARN_INFINITE_RECURSION = YES;
				CLANG_WARN_INT_CONVERSION = YES;
				CLANG_WARN_NON_LITERAL_NULL_CONVERSION = YES;
				CLANG_WARN_OBJC_IMPLICIT_RETAIN_SELF = YES;
				CLANG_WARN_OBJC_LITERAL_CONVERSION = YES;
				CLANG_WARN_OBJC_ROOT_CLASS = YES_ERROR;
				CLANG_WARN_QUOTED_INCLUDE_IN_FRAMEWORK_HEADER = YES;
				CLANG_WARN_RANGE_LOOP_ANALYSIS = YES;
				CLANG_WARN_STRICT_PROTOTYPES = YES;
				CLANG_WARN_SUSPICIOUS_MOVE = YES;
				CLANG_WARN_UNGUARDED_AVAILABILITY = YES_AGGRESSIVE;
				CLANG_WARN_UNREACHABLE_CODE = YES;
				CLANG_WARN__DUPLICATE_METHOD_MATCH = YES;
				COPY_PHASE_STRIP = NO;
				DEBUG_INFORMATION_FORMAT = "dwarf-with-dsym";
				ENABLE_NS_ASSERTIONS = NO;
				ENABLE_STRICT_OBJC_MSGSEND = YES;
				GCC_C_LANGUAGE_STANDARD = gnu11;
				GCC_NO_COMMON_BLOCKS = YES;
				GCC_WARN_64_TO_32_BIT_CONVERSION = YES;
				GCC_WARN_ABOUT_RETURN_TYPE = YES_ERROR;
				GCC_WARN_UNDECLARED_SELECTOR = YES;
				GCC_WARN_UNINITIALIZED_AUTOS = YES_AGGRESSIVE;
				GCC_WARN_UNUSED_FUNCTION = YES;
				GCC_WARN_UNUSED_VARIABLE = YES;
				IPHONEOS_DEPLOYMENT_TARGET = 14.5;
				MTL_ENABLE_DEBUG_INFO = NO;
				MTL_FAST_MATH = YES;
				SDKROOT = iphoneos;
				SWIFT_COMPILATION_MODE = wholemodule;
				SWIFT_OPTIMIZATION_LEVEL = "-O";
				VALIDATE_PRODUCT = YES;
			};
			name = Release;
		};
		C5AE9B0B27AE489A005277D5 /* Debug */ = {
			isa = XCBuildConfiguration;
			buildSettings = {
				ASSETCATALOG_COMPILER_APPICON_NAME = AppIcon;
				ASSETCATALOG_COMPILER_GLOBAL_ACCENT_COLOR_NAME = AccentColor;
				CODE_SIGN_STYLE = Automatic;
				DEVELOPMENT_ASSET_PATHS = "\"TooDo/Preview Content\"";
				DEVELOPMENT_TEAM = 36BC59Q598;
				ENABLE_PREVIEWS = YES;
				INFOPLIST_FILE = TooDo/Info.plist;
				IPHONEOS_DEPLOYMENT_TARGET = 14.0;
				LD_RUNPATH_SEARCH_PATHS = (
					"$(inherited)",
					"@executable_path/Frameworks",
				);
				PRODUCT_BUNDLE_IDENTIFIER = dev.5anniversary.TooDo;
				PRODUCT_NAME = "$(TARGET_NAME)";
				SWIFT_VERSION = 5.0;
				TARGETED_DEVICE_FAMILY = "1,2";
			};
			name = Debug;
		};
		C5AE9B0C27AE489A005277D5 /* Release */ = {
			isa = XCBuildConfiguration;
			buildSettings = {
				ASSETCATALOG_COMPILER_APPICON_NAME = AppIcon;
				ASSETCATALOG_COMPILER_GLOBAL_ACCENT_COLOR_NAME = AccentColor;
				CODE_SIGN_STYLE = Automatic;
				DEVELOPMENT_ASSET_PATHS = "\"TooDo/Preview Content\"";
				DEVELOPMENT_TEAM = 36BC59Q598;
				ENABLE_PREVIEWS = YES;
				INFOPLIST_FILE = TooDo/Info.plist;
				IPHONEOS_DEPLOYMENT_TARGET = 14.0;
				LD_RUNPATH_SEARCH_PATHS = (
					"$(inherited)",
					"@executable_path/Frameworks",
				);
				PRODUCT_BUNDLE_IDENTIFIER = dev.5anniversary.TooDo;
				PRODUCT_NAME = "$(TARGET_NAME)";
				SWIFT_VERSION = 5.0;
				TARGETED_DEVICE_FAMILY = "1,2";
			};
			name = Release;
		};
/* End XCBuildConfiguration section */

/* Begin XCConfigurationList section */
		C5AE9AF627AE4899005277D5 /* Build configuration list for PBXProject "TooDo" */ = {
			isa = XCConfigurationList;
			buildConfigurations = (
				C5AE9B0827AE489A005277D5 /* Debug */,
				C5AE9B0927AE489A005277D5 /* Release */,
			);
			defaultConfigurationIsVisible = 0;
			defaultConfigurationName = Release;
		};
		C5AE9B0A27AE489A005277D5 /* Build configuration list for PBXNativeTarget "TooDo" */ = {
			isa = XCConfigurationList;
			buildConfigurations = (
				C5AE9B0B27AE489A005277D5 /* Debug */,
				C5AE9B0C27AE489A005277D5 /* Release */,
			);
			defaultConfigurationIsVisible = 0;
			defaultConfigurationName = Release;
		};
/* End XCConfigurationList section */
	};
	rootObject = C5AE9AF327AE4899005277D5 /* Project object */;
}
